{
  "requires": true,
  "lockfileVersion": 1,
  "dependencies": {
    "react-simple-storage": {
      "version": "1.4.2",
      "resolved": "https://registry.npmjs.org/react-simple-storage/-/react-simple-storage-1.4.2.tgz",
      "integrity": "sha512-g6PlWVTBDVr57rRACg03I0joFfmvKapC3nv8WGzMAIU5NAoiKzRH5NF7TehgM8eBx3ebUMsyvYSQdxL4V02V0Q==",
      "requires": {
        "store": "^2.0.12"
      }
    },
    "store": {
      "version": "2.0.12",
      "resolved": "https://registry.npmjs.org/store/-/store-2.0.12.tgz",
      "integrity": "sha1-jFNOKguDH3K3X8XxEZhXxE711ZM="
    }
  }
}
